
Microsoft Visual Studio Solution File, Format Version 12.00
# Visual Studio Version 17
VisualStudioVersion = 17.5.002.0
MinimumVisualStudioVersion = 10.0.40219.1
Project("{9A19103F-16F7-4668-BE54-9A1E7A4F7556}") = "mvcapp", "mvcapp\mvcapp.csproj", "{5AB192FB-19E0-428B-A817-B32BD180FA28}"
EndProject
Global
	GlobalSection(SolutionConfigurationPlatforms) = preSolution
		Debug|Any CPU = Debug|Any CPU
		Release|Any CPU = Release|Any CPU
	EndGlobalSection
	GlobalSection(ProjectConfigurationPlatforms) = postSolution
		{5AB192FB-19E0-428B-A817-B32BD180FA28}.Debug|Any CPU.ActiveCfg = Debug|Any CPU
		{5AB192FB-19E0-428B-A817-B32BD180FA28}.Debug|Any CPU.Build.0 = Debug|Any CPU
		{5AB192FB-19E0-428B-A817-B32BD180FA28}.Release|Any CPU.ActiveCfg = Release|Any CPU
		{5AB192FB-19E0-428B-A817-B32BD180FA28}.Release|Any CPU.Build.0 = Release|Any CPU
	EndGlobalSection
	GlobalSection(SolutionProperties) = preSolution
		HideSolutionNode = FALSE
	EndGlobalSection
	GlobalSection(ExtensibilityGlobals) = postSolution
		SolutionGuid = {172C574A-DCD6-4D57-94D6-53657C9C4BCB}
	EndGlobalSection
EndGlobal
